
Microsoft Visual Studio Solution File, Format Version 12.00
# Visual Studio 15
VisualStudioVersion = 15.0.28307.539
MinimumVisualStudioVersion = 10.0.40219.1
Project("{FAE04EC0-301F-11D3-BF4B-00C04F79EFBC}") = "quanlyKhachSan", "quanlyKhachSan\quanlyKhachSan.csproj", "{AB2250B1-393D-476F-91AC-8C8B4A447FAA}"
EndProject
Global
	GlobalSection(SolutionConfigurationPlatforms) = preSolution
		Debug|Any CPU = Debug|Any CPU
		Release|Any CPU = Release|Any CPU
	EndGlobalSection
	GlobalSection(ProjectConfigurationPlatforms) = postSolution
		{AB2250B1-393D-476F-91AC-8C8B4A447FAA}.Debug|Any CPU.ActiveCfg = Debug|Any CPU
		{AB2250B1-393D-476F-91AC-8C8B4A447FAA}.Debug|Any CPU.Build.0 = Debug|Any CPU
		{AB2250B1-393D-476F-91AC-8C8B4A447FAA}.Release|Any CPU.ActiveCfg = Release|Any CPU
		{AB2250B1-393D-476F-91AC-8C8B4A447FAA}.Release|Any CPU.Build.0 = Release|Any CPU
	EndGlobalSection
	GlobalSection(SolutionProperties) = preSolution
		HideSolutionNode = FALSE
	EndGlobalSection
	GlobalSection(ExtensibilityGlobals) = postSolution
		SolutionGuid = {BF4E0E39-C599-4BE6-9B74-0D50C6947627}
	EndGlobalSection
EndGlobal
